
Microsoft Visual Studio Solution File, Format Version 12.00
# Visual Studio Version 16
VisualStudioVersion = 16.0.29009.5
MinimumVisualStudioVersion = 10.0.40219.1
Project("{FAE04EC0-301F-11D3-BF4B-00C04F79EFBC}") = "Pendu", "..\Pendaragon\Pendu\Pendu.csproj", "{1A18611A-E1EF-455C-8DB3-8983F7BA36FB}"
EndProject
Project("{FAE04EC0-301F-11D3-BF4B-00C04F79EFBC}") = "Pendu2", "..\Pendaragon\poilaucul\Pendu2.csproj", "{A6620D79-EC7C-40F9-9E9A-182E4E1A44E8}"
EndProject
Project("{FAE04EC0-301F-11D3-BF4B-00C04F79EFBC}") = "lexique", "..\Pendaragon\lexique\lexique\lexique.csproj", "{78291FFD-E950-4F41-AAD9-18DB32E57BBD}"
EndProject
Global
	GlobalSection(SolutionConfigurationPlatforms) = preSolution
		Debug|Any CPU = Debug|Any CPU
		Release|Any CPU = Release|Any CPU
	EndGlobalSection
	GlobalSection(ProjectConfigurationPlatforms) = postSolution
		{1A18611A-E1EF-455C-8DB3-8983F7BA36FB}.Debug|Any CPU.ActiveCfg = Debug|Any CPU
		{1A18611A-E1EF-455C-8DB3-8983F7BA36FB}.Debug|Any CPU.Build.0 = Debug|Any CPU
		{1A18611A-E1EF-455C-8DB3-8983F7BA36FB}.Release|Any CPU.ActiveCfg = Release|Any CPU
		{1A18611A-E1EF-455C-8DB3-8983F7BA36FB}.Release|Any CPU.Build.0 = Release|Any CPU
		{A6620D79-EC7C-40F9-9E9A-182E4E1A44E8}.Debug|Any CPU.ActiveCfg = Debug|Any CPU
		{A6620D79-EC7C-40F9-9E9A-182E4E1A44E8}.Debug|Any CPU.Build.0 = Debug|Any CPU
		{A6620D79-EC7C-40F9-9E9A-182E4E1A44E8}.Release|Any CPU.ActiveCfg = Release|Any CPU
		{A6620D79-EC7C-40F9-9E9A-182E4E1A44E8}.Release|Any CPU.Build.0 = Release|Any CPU
		{78291FFD-E950-4F41-AAD9-18DB32E57BBD}.Debug|Any CPU.ActiveCfg = Debug|Any CPU
		{78291FFD-E950-4F41-AAD9-18DB32E57BBD}.Debug|Any CPU.Build.0 = Debug|Any CPU
		{78291FFD-E950-4F41-AAD9-18DB32E57BBD}.Release|Any CPU.ActiveCfg = Release|Any CPU
		{78291FFD-E950-4F41-AAD9-18DB32E57BBD}.Release|Any CPU.Build.0 = Release|Any CPU
	EndGlobalSection
	GlobalSection(SolutionProperties) = preSolution
		HideSolutionNode = FALSE
	EndGlobalSection
	GlobalSection(ExtensibilityGlobals) = postSolution
		SolutionGuid = {91945BBD-4EED-425B-AA74-D901D71F3636}
	EndGlobalSection
EndGlobal
