
Microsoft Visual Studio Solution File, Format Version 12.00
# Visual Studio Version 16
VisualStudioVersion = 16.0.29009.5
MinimumVisualStudioVersion = 10.0.40219.1
Project("{FAE04EC0-301F-11D3-BF4B-00C04F79EFBC}") = "lexique", "lexique\lexique.csproj", "{78291FFD-E950-4F41-AAD9-18DB32E57BBD}"
EndProject
Global
	GlobalSection(SolutionConfigurationPlatforms) = preSolution
		Debug|Any CPU = Debug|Any CPU
		Release|Any CPU = Release|Any CPU
	EndGlobalSection
	GlobalSection(ProjectConfigurationPlatforms) = postSolution
		{78291FFD-E950-4F41-AAD9-18DB32E57BBD}.Debug|Any CPU.ActiveCfg = Debug|Any CPU
		{78291FFD-E950-4F41-AAD9-18DB32E57BBD}.Debug|Any CPU.Build.0 = Debug|Any CPU
		{78291FFD-E950-4F41-AAD9-18DB32E57BBD}.Release|Any CPU.ActiveCfg = Release|Any CPU
		{78291FFD-E950-4F41-AAD9-18DB32E57BBD}.Release|Any CPU.Build.0 = Release|Any CPU
	EndGlobalSection
	GlobalSection(SolutionProperties) = preSolution
		HideSolutionNode = FALSE
	EndGlobalSection
	GlobalSection(ExtensibilityGlobals) = postSolution
		SolutionGuid = {D803AEEC-28A2-4C5C-8A95-929ED26659D8}
	EndGlobalSection
EndGlobal
